
Microsoft Visual Studio Solution File, Format Version 12.00
# Visual Studio Version 16
VisualStudioVersion = 16.0.30114.105
MinimumVisualStudioVersion = 10.0.40219.1
Project("{2150E333-8FDC-42A3-9474-1A3956D46DE8}") = "src", "src", "{E8C3D7C2-B52A-46F3-8332-10E0A381678C}"
EndProject
Project("{2150E333-8FDC-42A3-9474-1A3956D46DE8}") = "Consola", "Consola", "{5437C41A-E0BD-4033-9FCC-C3FF17FA1E41}"
EndProject
Project("{FAE04EC0-301F-11D3-BF4B-00C04F79EFBC}") = "Consola", "src\Consola\Consola\Consola.csproj", "{2BE2D09F-38C5-4868-BAFF-27918D31BEBD}"
EndProject
Project("{2150E333-8FDC-42A3-9474-1A3956D46DE8}") = "Data", "Data", "{041BFC50-44DD-4F10-8705-F306AC522A08}"
EndProject
Project("{FAE04EC0-301F-11D3-BF4B-00C04F79EFBC}") = "Data", "src\Data\Data\Data.csproj", "{C63CB23D-1A69-4E07-B9C0-B78B0F94DC32}"
EndProject
Project("{2150E333-8FDC-42A3-9474-1A3956D46DE8}") = "Modelos", "Modelos", "{B058AFD1-399E-4EA4-8C57-C657A4AF3666}"
EndProject
Project("{FAE04EC0-301F-11D3-BF4B-00C04F79EFBC}") = "Modelos", "src\Modelos\Modelos\Modelos.csproj", "{58854BEE-E3EE-457C-B974-58AE71D0CB32}"
EndProject
Project("{2150E333-8FDC-42A3-9474-1A3956D46DE8}") = "Panaderia", "Panaderia", "{4251AC61-95E0-4695-81C7-71B7CF3331B4}"
EndProject
Project("{FAE04EC0-301F-11D3-BF4B-00C04F79EFBC}") = "Panaderia", "src\Panaderia\Panaderia\Panaderia.csproj", "{575DE07C-D75F-4F9E-8BC1-6DA0DAC49CD9}"
EndProject
Global
	GlobalSection(SolutionConfigurationPlatforms) = preSolution
		Debug|Any CPU = Debug|Any CPU
		Release|Any CPU = Release|Any CPU
	EndGlobalSection
	GlobalSection(SolutionProperties) = preSolution
		HideSolutionNode = FALSE
	EndGlobalSection
	GlobalSection(ProjectConfigurationPlatforms) = postSolution
		{2BE2D09F-38C5-4868-BAFF-27918D31BEBD}.Debug|Any CPU.ActiveCfg = Debug|Any CPU
		{2BE2D09F-38C5-4868-BAFF-27918D31BEBD}.Debug|Any CPU.Build.0 = Debug|Any CPU
		{2BE2D09F-38C5-4868-BAFF-27918D31BEBD}.Release|Any CPU.ActiveCfg = Release|Any CPU
		{2BE2D09F-38C5-4868-BAFF-27918D31BEBD}.Release|Any CPU.Build.0 = Release|Any CPU
		{C63CB23D-1A69-4E07-B9C0-B78B0F94DC32}.Debug|Any CPU.ActiveCfg = Debug|Any CPU
		{C63CB23D-1A69-4E07-B9C0-B78B0F94DC32}.Debug|Any CPU.Build.0 = Debug|Any CPU
		{C63CB23D-1A69-4E07-B9C0-B78B0F94DC32}.Release|Any CPU.ActiveCfg = Release|Any CPU
		{C63CB23D-1A69-4E07-B9C0-B78B0F94DC32}.Release|Any CPU.Build.0 = Release|Any CPU
		{58854BEE-E3EE-457C-B974-58AE71D0CB32}.Debug|Any CPU.ActiveCfg = Debug|Any CPU
		{58854BEE-E3EE-457C-B974-58AE71D0CB32}.Debug|Any CPU.Build.0 = Debug|Any CPU
		{58854BEE-E3EE-457C-B974-58AE71D0CB32}.Release|Any CPU.ActiveCfg = Release|Any CPU
		{58854BEE-E3EE-457C-B974-58AE71D0CB32}.Release|Any CPU.Build.0 = Release|Any CPU
		{575DE07C-D75F-4F9E-8BC1-6DA0DAC49CD9}.Debug|Any CPU.ActiveCfg = Debug|Any CPU
		{575DE07C-D75F-4F9E-8BC1-6DA0DAC49CD9}.Debug|Any CPU.Build.0 = Debug|Any CPU
		{575DE07C-D75F-4F9E-8BC1-6DA0DAC49CD9}.Release|Any CPU.ActiveCfg = Release|Any CPU
		{575DE07C-D75F-4F9E-8BC1-6DA0DAC49CD9}.Release|Any CPU.Build.0 = Release|Any CPU
	EndGlobalSection
	GlobalSection(NestedProjects) = preSolution
		{5437C41A-E0BD-4033-9FCC-C3FF17FA1E41} = {E8C3D7C2-B52A-46F3-8332-10E0A381678C}
		{2BE2D09F-38C5-4868-BAFF-27918D31BEBD} = {5437C41A-E0BD-4033-9FCC-C3FF17FA1E41}
		{041BFC50-44DD-4F10-8705-F306AC522A08} = {E8C3D7C2-B52A-46F3-8332-10E0A381678C}
		{C63CB23D-1A69-4E07-B9C0-B78B0F94DC32} = {041BFC50-44DD-4F10-8705-F306AC522A08}
		{B058AFD1-399E-4EA4-8C57-C657A4AF3666} = {E8C3D7C2-B52A-46F3-8332-10E0A381678C}
		{58854BEE-E3EE-457C-B974-58AE71D0CB32} = {B058AFD1-399E-4EA4-8C57-C657A4AF3666}
		{4251AC61-95E0-4695-81C7-71B7CF3331B4} = {E8C3D7C2-B52A-46F3-8332-10E0A381678C}
		{575DE07C-D75F-4F9E-8BC1-6DA0DAC49CD9} = {4251AC61-95E0-4695-81C7-71B7CF3331B4}
	EndGlobalSection
EndGlobal
